{
  "pins" : [
    {
      "identity" : "markdownkit",
      "kind" : "remoteSourceControl",
      "location" : "https://github.com/bmoliveira/MarkdownKit.git",
      "state" : {
        "revision" : "5056f3305d3499f44d8815530d560b87082e0cf5",
        "version" : "1.7.1"
      }
    }
  ],
  "version" : 2
}
